
Microsoft Visual Studio Solution File, Format Version 12.00
# Visual Studio Version 17
VisualStudioVersion = 17.4.33213.308
MinimumVisualStudioVersion = 10.0.40219.1
Project("{FAE04EC0-301F-11D3-BF4B-00C04F79EFBC}") = "Adventurer's Backpack", "Adventurer's Backpack\Adventurer's Backpack.csproj", "{4AC454A3-1776-4FA0-BA81-003E4E66282E}"
EndProject
Global
	GlobalSection(SolutionConfigurationPlatforms) = preSolution
		Debug|Any CPU = Debug|Any CPU
		Release|Any CPU = Release|Any CPU
	EndGlobalSection
	GlobalSection(ProjectConfigurationPlatforms) = postSolution
		{4AC454A3-1776-4FA0-BA81-003E4E66282E}.Debug|Any CPU.ActiveCfg = Debug|Any CPU
		{4AC454A3-1776-4FA0-BA81-003E4E66282E}.Debug|Any CPU.Build.0 = Debug|Any CPU
		{4AC454A3-1776-4FA0-BA81-003E4E66282E}.Release|Any CPU.ActiveCfg = Release|Any CPU
		{4AC454A3-1776-4FA0-BA81-003E4E66282E}.Release|Any CPU.Build.0 = Release|Any CPU
	EndGlobalSection
	GlobalSection(SolutionProperties) = preSolution
		HideSolutionNode = FALSE
	EndGlobalSection
	GlobalSection(ExtensibilityGlobals) = postSolution
		SolutionGuid = {6A0E0C31-6A29-4610-8061-FB55BD421AF9}
	EndGlobalSection
EndGlobal
